hash: 5d430ae24c25d162bbae277dffd202ac005bd32acd63be58043889ec7b1c3c27
updated: 2016-02-27T15:26:26.6753795-05:00
imports:
- name: github.com/jmoiron/sqlx
  version: 398dd5876282499cdfd4cb8ea0f31a672abe9495
  subpackages:
  - reflectx
- name: github.com/labstack/echo
  version: 30ee5fbb95aa1fc1c09f101fc7f9a1022a78da38
- name: github.com/labstack/gommon
  version: bfff5bf04688a4048a5cb4dd3b3f0697caaad19c
  subpackages:
  - log
  - color
- name: github.com/mattn/go-colorable
  version: 9cbef7c35391cca05f15f8181dc0b18bc9736dbb
- name: github.com/mattn/go-isatty
  version: 56b76bdf51f7708750eac80fa38b952bb9f32639
- name: github.com/mattn/go-sqlite3
  version: 09d5c451710ef887470709463f4f04ff83e1e039
- name: github.com/pelletier/go-buffruneio
  version: df1e16fde7fc330a0ca68167c23bf7ed6ac31d6d
- name: github.com/pelletier/go-toml
  version: fe63e9f76da815a9fe36e4b0644abb27fa86d81f
- name: github.com/rjeczalik/notify
  version: efbcb15a545abd0c7d546f0a15f4115c713a4c59
- name: github.com/Sirupsen/logrus
  version: 219c8cb75c258c552e999735be6df753ffc7afdc
- name: golang.org/x/net
  version: 6acef71eb69611914f7a30939ea9f6e194c78172
  subpackages:
  - context
  - websocket
- name: golang.org/x/sys
  version: 5eaf0df67e70d6997a9fe0ed24383fa1b01638d3
  subpackages:
  - unix
devImports: []
